// !$*UTF8*$!
{
	archiveVersion = 1;
	classes = {
	};
	objectVersion = 50;
	objects = {

/* Begin PBXBuildFile section */
		53232B6B21A360D00089AA27 /* Event.swift in Sources */ = {isa = PBXBuildFile; fileRef = 53232B6A21A360D00089AA27 /* Event.swift */; };
		53232B6D21A36F740089AA27 /* EventCell.swift in Sources */ = {isa = PBXBuildFile; fileRef = 53232B6C21A36F740089AA27 /* EventCell.swift */; };
		53232B6F21A3966F0089AA27 /* EventList.swift in Sources */ = {isa = PBXBuildFile; fileRef = 53232B6E21A3966F0089AA27 /* EventList.swift */; };
		53A9A24921A773D5002095F3 /* LatLng.swift in Sources */ = {isa = PBXBuildFile; fileRef = 53A9A24821A773D5002095F3 /* LatLng.swift */; };
		53A9A24B21A780FC002095F3 /* SuggestionList.swift in Sources */ = {isa = PBXBuildFile; fileRef = 53A9A24A21A780FC002095F3 /* SuggestionList.swift */; };
		53A9A24D21A8877F002095F3 /* ThrottleQueue.swift in Sources */ = {isa = PBXBuildFile; fileRef = 53A9A24C21A8877F002095F3 /* ThrottleQueue.swift */; };
		53E079F1219FD23D005A9B85 /* EventsTableViewController.swift in Sources */ = {isa = PBXBuildFile; fileRef = 53E079F0219FD23D005A9B85 /* EventsTableViewController.swift */; };
		53E4B721219E589E009F5DB3 /* AppDelegate.swift in Sources */ = {isa = PBXBuildFile; fileRef = 53E4B720219E589E009F5DB3 /* AppDelegate.swift */; };
		53E4B723219E589E009F5DB3 /* SearchViewController.swift in Sources */ = {isa = PBXBuildFile; fileRef = 53E4B722219E589E009F5DB3 /* SearchViewController.swift */; };
		53E4B726219E589E009F5DB3 /* Main.storyboard in Resources */ = {isa = PBXBuildFile; fileRef = 53E4B724219E589E009F5DB3 /* Main.storyboard */; };
		53E4B728219E58A1009F5DB3 /* Assets.xcassets in Resources */ = {isa = PBXBuildFile; fileRef = 53E4B727219E58A1009F5DB3 /* Assets.xcassets */; };
		53E4B72B219E58A1009F5DB3 /* LaunchScreen.storyboard in Resources */ = {isa = PBXBuildFile; fileRef = 53E4B729219E58A1009F5DB3 /* LaunchScreen.storyboard */; };
		53E4B736219E58A1009F5DB3 /* EventTicketTests.swift in Sources */ = {isa = PBXBuildFile; fileRef = 53E4B735219E58A1009F5DB3 /* EventTicketTests.swift */; };
		53E4B741219E58A1009F5DB3 /* EventTicketUITests.swift in Sources */ = {isa = PBXBuildFile; fileRef = 53E4B740219E58A1009F5DB3 /* EventTicketUITests.swift */; };
		B995192D927A908E6EE7E88E /* Pods_EventTicketTests.framework in Frameworks */ = {isa = PBXBuildFile; fileRef = FE79C2123F755E9DF500A09B /* Pods_EventTicketTests.framework */; };
		BE7FE775EB48A947F5E017E8 /* Pods_EventTicketUITests.framework in Frameworks */ = {isa = PBXBuildFile; fileRef = FE1099B410A6F7457CFFCED0 /* Pods_EventTicketUITests.framework */; };
		FB83E3E7306978BD14FE846A /* Pods_EventTicket.framework in Frameworks */ = {isa = PBXBuildFile; fileRef = E62B01031666210ABE50D873 /* Pods_EventTicket.framework */; };
/* End PBXBuildFile section */

/* Begin PBXContainerItemProxy section */
		53E4B732219E58A1009F5DB3 /* PBXContainerItemProxy */ = {
			isa = PBXContainerItemProxy;
			containerPortal = 53E4B715219E589E009F5DB3 /* Project object */;
			proxyType = 1;
			remoteGlobalIDString = 53E4B71C219E589E009F5DB3;
			remoteInfo = EventTicket;
		};
		53E4B73D219E58A1009F5DB3 /* PBXContainerItemProxy */ = {
			isa = PBXContainerItemProxy;
			containerPortal = 53E4B715219E589E009F5DB3 /* Project object */;
			proxyType = 1;
			remoteGlobalIDString = 53E4B71C219E589E009F5DB3;
			remoteInfo = EventTicket;
		};
/* End PBXContainerItemProxy section */

/* Begin PBXFileReference section */
		04D2AF7F9F1ED999ABC4241B /* Pods-EventTicketTests.release.xcconfig */ = {isa = PBXFileReference; includeInIndex = 1; lastKnownFileType = text.xcconfig; name = "Pods-EventTicketTests.release.xcconfig"; path = "Pods/Target Support Files/Pods-EventTicketTests/Pods-EventTicketTests.release.xcconfig"; sourceTree = "<group>"; };
		2250D311F29D64D3DF7CA7E0 /* Pods-EventTicketUITests.debug.xcconfig */ = {isa = PBXFileReference; includeInIndex = 1; lastKnownFileType = text.xcconfig; name = "Pods-EventTicketUITests.debug.xcconfig"; path = "Pods/Target Support Files/Pods-EventTicketUITests/Pods-EventTicketUITests.debug.xcconfig"; sourceTree = "<group>"; };
		42889DB7FD3975CF645A2FA3 /* Pods-EventTicketUITests.release.xcconfig */ = {isa = PBXFileReference; includeInIndex = 1; lastKnownFileType = text.xcconfig; name = "Pods-EventTicketUITests.release.xcconfig"; path = "Pods/Target Support Files/Pods-EventTicketUITests/Pods-EventTicketUITests.release.xcconfig"; sourceTree = "<group>"; };
		53232B6A21A360D00089AA27 /* Event.swift */ = {isa = PBXFileReference; lastKnownFileType = sourcecode.swift; path = Event.swift; sourceTree = "<group>"; };
		53232B6C21A36F740089AA27 /* EventCell.swift */ = {isa = PBXFileReference; lastKnownFileType = sourcecode.swift; path = EventCell.swift; sourceTree = "<group>"; };
		53232B6E21A3966F0089AA27 /* EventList.swift */ = {isa = PBXFileReference; lastKnownFileType = sourcecode.swift; path = EventList.swift; sourceTree = "<group>"; };
		53A9A24821A773D5002095F3 /* LatLng.swift */ = {isa = PBXFileReference; lastKnownFileType = sourcecode.swift; path = LatLng.swift; sourceTree = "<group>"; };
		53A9A24A21A780FC002095F3 /* SuggestionList.swift */ = {isa = PBXFileReference; lastKnownFileType = sourcecode.swift; path = SuggestionList.swift; sourceTree = "<group>"; };
		53A9A24C21A8877F002095F3 /* ThrottleQueue.swift */ = {isa = PBXFileReference; lastKnownFileType = sourcecode.swift; path = ThrottleQueue.swift; sourceTree = "<group>"; };
		53E079F0219FD23D005A9B85 /* EventsTableViewController.swift */ = {isa = PBXFileReference; lastKnownFileType = sourcecode.swift; path = EventsTableViewController.swift; sourceTree = "<group>"; };
		53E4B71D219E589E009F5DB3 /* EventTicket.app */ = {isa = PBXFileReference; explicitFileType = wrapper.application; includeInIndex = 0; path = EventTicket.app; sourceTree = BUILT_PRODUCTS_DIR; };
		53E4B720219E589E009F5DB3 /* AppDelegate.swift */ = {isa = PBXFileReference; lastKnownFileType = sourcecode.swift; path = AppDelegate.swift; sourceTree = "<group>"; };
		53E4B722219E589E009F5DB3 /* SearchViewController.swift */ = {isa = PBXFileReference; lastKnownFileType = sourcecode.swift; path = SearchViewController.swift; sourceTree = "<group>"; };
		53E4B725219E589E009F5DB3 /* Base */ = {isa = PBXFileReference; lastKnownFileType = file.storyboard; name = Base; path = Base.lproj/Main.storyboard; sourceTree = "<group>"; };
		53E4B727219E58A1009F5DB3 /* Assets.xcassets */ = {isa = PBXFileReference; lastKnownFileType = folder.assetcatalog; path = Assets.xcassets; sourceTree = "<group>"; };
		53E4B72A219E58A1009F5DB3 /* Base */ = {isa = PBXFileReference; lastKnownFileType = file.storyboard; name = Base; path = Base.lproj/LaunchScreen.storyboard; sourceTree = "<group>"; };
		53E4B72C219E58A1009F5DB3 /* Info.plist */ = {isa = PBXFileReference; lastKnownFileType = text.plist.xml; path = Info.plist; sourceTree = "<group>"; };
		53E4B731219E58A1009F5DB3 /* EventTicketTests.xctest */ = {isa = PBXFileReference; explicitFileType = wrapper.cfbundle; includeInIndex = 0; path = EventTicketTests.xctest; sourceTree = BUILT_PRODUCTS_DIR; };
		53E4B735219E58A1009F5DB3 /* EventTicketTests.swift */ = {isa = PBXFileReference; lastKnownFileType = sourcecode.swift; path = EventTicketTests.swift; sourceTree = "<group>"; };
		53E4B737219E58A1009F5DB3 /* Info.plist */ = {isa = PBXFileReference; lastKnownFileType = text.plist.xml; path = Info.plist; sourceTree = "<group>"; };
		53E4B73C219E58A1009F5DB3 /* EventTicketUITests.xctest */ = {isa = PBXFileReference; explicitFileType = wrapper.cfbundle; includeInIndex = 0; path = EventTicketUITests.xctest; sourceTree = BUILT_PRODUCTS_DIR; };
		53E4B740219E58A1009F5DB3 /* EventTicketUITests.swift */ = {isa = PBXFileReference; lastKnownFileType = sourcecode.swift; path = EventTicketUITests.swift; sourceTree = "<group>"; };
		53E4B742219E58A1009F5DB3 /* Info.plist */ = {isa = PBXFileReference; lastKnownFileType = text.plist.xml; path = Info.plist; sourceTree = "<group>"; };
		9206D3FC8205D373B8565D04 /* Pods-EventTicketTests.debug.xcconfig */ = {isa = PBXFileReference; includeInIndex = 1; lastKnownFileType = text.xcconfig; name = "Pods-EventTicketTests.debug.xcconfig"; path = "Pods/Target Support Files/Pods-EventTicketTests/Pods-EventTicketTests.debug.xcconfig"; sourceTree = "<group>"; };
		BB836EB174D4696DADB83679 /* Pods-EventTicket.release.xcconfig */ = {isa = PBXFileReference; includeInIndex = 1; lastKnownFileType = text.xcconfig; name = "Pods-EventTicket.release.xcconfig"; path = "Pods/Target Support Files/Pods-EventTicket/Pods-EventTicket.release.xcconfig"; sourceTree = "<group>"; };
		C9A970F28C7FA001A9ED966F /* Pods-EventTicket.debug.xcconfig */ = {isa = PBXFileReference; includeInIndex = 1; lastKnownFileType = text.xcconfig; name = "Pods-EventTicket.debug.xcconfig"; path = "Pods/Target Support Files/Pods-EventTicket/Pods-EventTicket.debug.xcconfig"; sourceTree = "<group>"; };
		E62B01031666210ABE50D873 /* Pods_EventTicket.framework */ = {isa = PBXFileReference; explicitFileType = wrapper.framework; includeInIndex = 0; path = Pods_EventTicket.framework; sourceTree = BUILT_PRODUCTS_DIR; };
		FE1099B410A6F7457CFFCED0 /* Pods_EventTicketUITests.framework */ = {isa = PBXFileReference; explicitFileType = wrapper.framework; includeInIndex = 0; path = Pods_EventTicketUITests.framework; sourceTree = BUILT_PRODUCTS_DIR; };
		FE79C2123F755E9DF500A09B /* Pods_EventTicketTests.framework */ = {isa = PBXFileReference; explicitFileType = wrapper.framework; includeInIndex = 0; path = Pods_EventTicketTests.framework; sourceTree = BUILT_PRODUCTS_DIR; };
/* End PBXFileReference section */

/* Begin PBXFrameworksBuildPhase section */
		53E4B71A219E589E009F5DB3 /* Frameworks */ = {
			isa = PBXFrameworksBuildPhase;
			buildActionMask = 2147483647;
			files = (
				FB83E3E7306978BD14FE846A /* Pods_EventTicket.framework in Frameworks */,
			);
			runOnlyForDeploymentPostprocessing = 0;
		};
		53E4B72E219E58A1009F5DB3 /* Frameworks */ = {
			isa = PBXFrameworksBuildPhase;
			buildActionMask = 2147483647;
			files = (
				B995192D927A908E6EE7E88E /* Pods_EventTicketTests.framework in Frameworks */,
			);
			runOnlyForDeploymentPostprocessing = 0;
		};
		53E4B739219E58A1009F5DB3 /* Frameworks */ = {
			isa = PBXFrameworksBuildPhase;
			buildActionMask = 2147483647;
			files = (
				BE7FE775EB48A947F5E017E8 /* Pods_EventTicketUITests.framework in Frameworks */,
			);
			runOnlyForDeploymentPostprocessing = 0;
		};
/* End PBXFrameworksBuildPhase section */

/* Begin PBXGroup section */
		1BB95EFED69B37425B330482 /* Frameworks */ = {
			isa = PBXGroup;
			children = (
				E62B01031666210ABE50D873 /* Pods_EventTicket.framework */,
				FE79C2123F755E9DF500A09B /* Pods_EventTicketTests.framework */,
				FE1099B410A6F7457CFFCED0 /* Pods_EventTicketUITests.framework */,
			);
			name = Frameworks;
			sourceTree = "<group>";
		};
		53E4B714219E589E009F5DB3 = {
			isa = PBXGroup;
			children = (
				53E4B71F219E589E009F5DB3 /* EventTicket */,
				53E4B734219E58A1009F5DB3 /* EventTicketTests */,
				53E4B73F219E58A1009F5DB3 /* EventTicketUITests */,
				53E4B71E219E589E009F5DB3 /* Products */,
				668ED3BBDC9B98C1170A05C4 /* Pods */,
				1BB95EFED69B37425B330482 /* Frameworks */,
			);
			sourceTree = "<group>";
		};
		53E4B71E219E589E009F5DB3 /* Products */ = {
			isa = PBXGroup;
			children = (
				53E4B71D219E589E009F5DB3 /* EventTicket.app */,
				53E4B731219E58A1009F5DB3 /* EventTicketTests.xctest */,
				53E4B73C219E58A1009F5DB3 /* EventTicketUITests.xctest */,
			);
			name = Products;
			sourceTree = "<group>";
		};
		53E4B71F219E589E009F5DB3 /* EventTicket */ = {
			isa = PBXGroup;
			children = (
				53E4B720219E589E009F5DB3 /* AppDelegate.swift */,
				53E4B722219E589E009F5DB3 /* SearchViewController.swift */,
				53A9A24C21A8877F002095F3 /* ThrottleQueue.swift */,
				53E4B724219E589E009F5DB3 /* Main.storyboard */,
				53232B6C21A36F740089AA27 /* EventCell.swift */,
				53E4B727219E58A1009F5DB3 /* Assets.xcassets */,
				53E4B729219E58A1009F5DB3 /* LaunchScreen.storyboard */,
				53E4B72C219E58A1009F5DB3 /* Info.plist */,
				53E079F0219FD23D005A9B85 /* EventsTableViewController.swift */,
				53232B6A21A360D00089AA27 /* Event.swift */,
				53232B6E21A3966F0089AA27 /* EventList.swift */,
				53A9A24821A773D5002095F3 /* LatLng.swift */,
				53A9A24A21A780FC002095F3 /* SuggestionList.swift */,
			);
			path = EventTicket;
			sourceTree = "<group>";
		};
		53E4B734219E58A1009F5DB3 /* EventTicketTests */ = {
			isa = PBXGroup;
			children = (
				53E4B735219E58A1009F5DB3 /* EventTicketTests.swift */,
				53E4B737219E58A1009F5DB3 /* Info.plist */,
			);
			path = EventTicketTests;
			sourceTree = "<group>";
		};
		53E4B73F219E58A1009F5DB3 /* EventTicketUITests */ = {
			isa = PBXGroup;
			children = (
				53E4B740219E58A1009F5DB3 /* EventTicketUITests.swift */,
				53E4B742219E58A1009F5DB3 /* Info.plist */,
			);
			path = EventTicketUITests;
			sourceTree = "<group>";
		};
		668ED3BBDC9B98C1170A05C4 /* Pods */ = {
			isa = PBXGroup;
			children = (
				C9A970F28C7FA001A9ED966F /* Pods-EventTicket.debug.xcconfig */,
				BB836EB174D4696DADB83679 /* Pods-EventTicket.release.xcconfig */,
				9206D3FC8205D373B8565D04 /* Pods-EventTicketTests.debug.xcconfig */,
				04D2AF7F9F1ED999ABC4241B /* Pods-EventTicketTests.release.xcconfig */,
				2250D311F29D64D3DF7CA7E0 /* Pods-EventTicketUITests.debug.xcconfig */,
				42889DB7FD3975CF645A2FA3 /* Pods-EventTicketUITests.release.xcconfig */,
			);
			name = Pods;
			sourceTree = "<group>";
		};
/* End PBXGroup section */

/* Begin PBXNativeTarget section */
		53E4B71C219E589E009F5DB3 /* EventTicket */ = {
			isa = PBXNativeTarget;
			buildConfigurationList = 53E4B745219E58A1009F5DB3 /* Build configuration list for PBXNativeTarget "EventTicket" */;
			buildPhases = (
				ADC919505CD5E84FD55DA22E /* [CP] Check Pods Manifest.lock */,
				53E4B719219E589E009F5DB3 /* Sources */,
				53E4B71A219E589E009F5DB3 /* Frameworks */,
				53E4B71B219E589E009F5DB3 /* Resources */,
				8BDCB8C109BD037308DAF9E4 /* [CP] Embed Pods Frameworks */,
			);
			buildRules = (
			);
			dependencies = (
			);
			name = EventTicket;
			productName = EventTicket;
			productReference = 53E4B71D219E589E009F5DB3 /* EventTicket.app */;
			productType = "com.apple.product-type.application";
		};
		53E4B730219E58A1009F5DB3 /* EventTicketTests */ = {
			isa = PBXNativeTarget;
			buildConfigurationList = 53E4B748219E58A1009F5DB3 /* Build configuration list for PBXNativeTarget "EventTicketTests" */;
			buildPhases = (
				68CF0A0983CEEDCD051F458D /* [CP] Check Pods Manifest.lock */,
				53E4B72D219E58A1009F5DB3 /* Sources */,
				53E4B72E219E58A1009F5DB3 /* Frameworks */,
				53E4B72F219E58A1009F5DB3 /* Resources */,
			);
			buildRules = (
			);
			dependencies = (
				53E4B733219E58A1009F5DB3 /* PBXTargetDependency */,
			);
			name = EventTicketTests;
			productName = EventTicketTests;
			productReference = 53E4B731219E58A1009F5DB3 /* EventTicketTests.xctest */;
			productType = "com.apple.product-type.bundle.unit-test";
		};
		53E4B73B219E58A1009F5DB3 /* EventTicketUITests */ = {
			isa = PBXNativeTarget;
			buildConfigurationList = 53E4B74B219E58A1009F5DB3 /* Build configuration list for PBXNativeTarget "EventTicketUITests" */;
			buildPhases = (
				AFA19F88650C389BF27C40E1 /* [CP] Check Pods Manifest.lock */,
				53E4B738219E58A1009F5DB3 /* Sources */,
				53E4B739219E58A1009F5DB3 /* Frameworks */,
				53E4B73A219E58A1009F5DB3 /* Resources */,
			);
			buildRules = (
			);
			dependencies = (
				53E4B73E219E58A1009F5DB3 /* PBXTargetDependency */,
			);
			name = EventTicketUITests;
			productName = EventTicketUITests;
			productReference = 53E4B73C219E58A1009F5DB3 /* EventTicketUITests.xctest */;
			productType = "com.apple.product-type.bundle.ui-testing";
		};
/* End PBXNativeTarget section */

/* Begin PBXProject section */
		53E4B715219E589E009F5DB3 /* Project object */ = {
			isa = PBXProject;
			attributes = {
				LastSwiftUpdateCheck = 1010;
				LastUpgradeCheck = 1010;
				ORGANIZATIONNAME = Denkinovel;
				TargetAttributes = {
					53E4B71C219E589E009F5DB3 = {
						CreatedOnToolsVersion = 10.1;
					};
					53E4B730219E58A1009F5DB3 = {
						CreatedOnToolsVersion = 10.1;
						TestTargetID = 53E4B71C219E589E009F5DB3;
					};
					53E4B73B219E58A1009F5DB3 = {
						CreatedOnToolsVersion = 10.1;
						TestTargetID = 53E4B71C219E589E009F5DB3;
					};
				};
			};
			buildConfigurationList = 53E4B718219E589E009F5DB3 /* Build configuration list for PBXProject "EventTicket" */;
			compatibilityVersion = "Xcode 9.3";
			developmentRegion = en;
			hasScannedForEncodings = 0;
			knownRegions = (
				en,
				Base,
			);
			mainGroup = 53E4B714219E589E009F5DB3;
			productRefGroup = 53E4B71E219E589E009F5DB3 /* Products */;
			projectDirPath = "";
			projectRoot = "";
			targets = (
				53E4B71C219E589E009F5DB3 /* EventTicket */,
				53E4B730219E58A1009F5DB3 /* EventTicketTests */,
				53E4B73B219E58A1009F5DB3 /* EventTicketUITests */,
			);
		};
/* End PBXProject section */

/* Begin PBXResourcesBuildPhase section */
		53E4B71B219E589E009F5DB3 /* Resources */ = {
			isa = PBXResourcesBuildPhase;
			buildActionMask = 2147483647;
			files = (
				53E4B72B219E58A1009F5DB3 /* LaunchScreen.storyboard in Resources */,
				53E4B728219E58A1009F5DB3 /* Assets.xcassets in Resources */,
				53E4B726219E589E009F5DB3 /* Main.storyboard in Resources */,
			);
			runOnlyForDeploymentPostprocessing = 0;
		};
		53E4B72F219E58A1009F5DB3 /* Resources */ = {
			isa = PBXResourcesBuildPhase;
			buildActionMask = 2147483647;
			files = (
			);
			runOnlyForDeploymentPostprocessing = 0;
		};
		53E4B73A219E58A1009F5DB3 /* Resources */ = {
			isa = PBXResourcesBuildPhase;
			buildActionMask = 2147483647;
			files = (
			);
			runOnlyForDeploymentPostprocessing = 0;
		};
/* End PBXResourcesBuildPhase section */

/* Begin PBXShellScriptBuildPhase section */
		68CF0A0983CEEDCD051F458D /* [CP] Check Pods Manifest.lock */ = {
			isa = PBXShellScriptBuildPhase;
			buildActionMask = 2147483647;
			files = (
			);
			inputFileListPaths = (
			);
			inputPaths = (
				"${PODS_PODFILE_DIR_PATH}/Podfile.lock",
				"${PODS_ROOT}/Manifest.lock",
			);
			name = "[CP] Check Pods Manifest.lock";
			outputFileListPaths = (
			);
			outputPaths = (
				"$(DERIVED_FILE_DIR)/Pods-EventTicketTests-checkManifestLockResult.txt",
			);
			runOnlyForDeploymentPostprocessing = 0;
			shellPath = /bin/sh;
			shellScript = "diff \"${PODS_PODFILE_DIR_PATH}/Podfile.lock\" \"${PODS_ROOT}/Manifest.lock\" > /dev/null\nif [ $? != 0 ] ; then\n    # print error to STDERR\n    echo \"error: The sandbox is not in sync with the Podfile.lock. Run 'pod install' or update your CocoaPods installation.\" >&2\n    exit 1\nfi\n# This output is used by Xcode 'outputs' to avoid re-running this script phase.\necho \"SUCCESS\" > \"${SCRIPT_OUTPUT_FILE_0}\"\n";
			showEnvVarsInLog = 0;
		};
		8BDCB8C109BD037308DAF9E4 /* [CP] Embed Pods Frameworks */ = {
			isa = PBXShellScriptBuildPhase;
			buildActionMask = 2147483647;
			files = (
			);
			inputFileListPaths = (
			);
			inputPaths = (
				"${SRCROOT}/Pods/Target Support Files/Pods-EventTicket/Pods-EventTicket-frameworks.sh",
				"${BUILT_PRODUCTS_DIR}/EasyToast/EasyToast.framework",
				"${BUILT_PRODUCTS_DIR}/Kingfisher/Kingfisher.framework",
				"${BUILT_PRODUCTS_DIR}/McPicker/McPicker.framework",
				"${BUILT_PRODUCTS_DIR}/SwiftSpinner/SwiftSpinner.framework",
			);
			name = "[CP] Embed Pods Frameworks";
			outputFileListPaths = (
			);
			outputPaths = (
				"${TARGET_BUILD_DIR}/${FRAMEWORKS_FOLDER_PATH}/EasyToast.framework",
				"${TARGET_BUILD_DIR}/${FRAMEWORKS_FOLDER_PATH}/Kingfisher.framework",
				"${TARGET_BUILD_DIR}/${FRAMEWORKS_FOLDER_PATH}/McPicker.framework",
				"${TARGET_BUILD_DIR}/${FRAMEWORKS_FOLDER_PATH}/SwiftSpinner.framework",
			);
			runOnlyForDeploymentPostprocessing = 0;
			shellPath = /bin/sh;
			shellScript = "\"${SRCROOT}/Pods/Target Support Files/Pods-EventTicket/Pods-EventTicket-frameworks.sh\"\n";
			showEnvVarsInLog = 0;
		};
		ADC919505CD5E84FD55DA22E /* [CP] Check Pods Manifest.lock */ = {
			isa = PBXShellScriptBuildPhase;
			buildActionMask = 2147483647;
			files = (
			);
			inputFileListPaths = (
			);
			inputPaths = (
				"${PODS_PODFILE_DIR_PATH}/Podfile.lock",
				"${PODS_ROOT}/Manifest.lock",
			);
			name = "[CP] Check Pods Manifest.lock";
			outputFileListPaths = (
			);
			outputPaths = (
				"$(DERIVED_FILE_DIR)/Pods-EventTicket-checkManifestLockResult.txt",
			);
			runOnlyForDeploymentPostprocessing = 0;
			shellPath = /bin/sh;
			shellScript = "diff \"${PODS_PODFILE_DIR_PATH}/Podfile.lock\" \"${PODS_ROOT}/Manifest.lock\" > /dev/null\nif [ $? != 0 ] ; then\n    # print error to STDERR\n    echo \"error: The sandbox is not in sync with the Podfile.lock. Run 'pod install' or update your CocoaPods installation.\" >&2\n    exit 1\nfi\n# This output is used by Xcode 'outputs' to avoid re-running this script phase.\necho \"SUCCESS\" > \"${SCRIPT_OUTPUT_FILE_0}\"\n";
			showEnvVarsInLog = 0;
		};
		AFA19F88650C389BF27C40E1 /* [CP] Check Pods Manifest.lock */ = {
			isa = PBXShellScriptBuildPhase;
			buildActionMask = 2147483647;
			files = (
			);
			inputFileListPaths = (
			);
			inputPaths = (
				"${PODS_PODFILE_DIR_PATH}/Podfile.lock",
				"${PODS_ROOT}/Manifest.lock",
			);
			name = "[CP] Check Pods Manifest.lock";
			outputFileListPaths = (
			);
			outputPaths = (
				"$(DERIVED_FILE_DIR)/Pods-EventTicketUITests-checkManifestLockResult.txt",
			);
			runOnlyForDeploymentPostprocessing = 0;
			shellPath = /bin/sh;
			shellScript = "diff \"${PODS_PODFILE_DIR_PATH}/Podfile.lock\" \"${PODS_ROOT}/Manifest.lock\" > /dev/null\nif [ $? != 0 ] ; then\n    # print error to STDERR\n    echo \"error: The sandbox is not in sync with the Podfile.lock. Run 'pod install' or update your CocoaPods installation.\" >&2\n    exit 1\nfi\n# This output is used by Xcode 'outputs' to avoid re-running this script phase.\necho \"SUCCESS\" > \"${SCRIPT_OUTPUT_FILE_0}\"\n";
			showEnvVarsInLog = 0;
		};
/* End PBXShellScriptBuildPhase section */

/* Begin PBXSourcesBuildPhase section */
		53E4B719219E589E009F5DB3 /* Sources */ = {
			isa = PBXSourcesBuildPhase;
			buildActionMask = 2147483647;
			files = (
				53A9A24921A773D5002095F3 /* LatLng.swift in Sources */,
				53A9A24D21A8877F002095F3 /* ThrottleQueue.swift in Sources */,
				53232B6F21A3966F0089AA27 /* EventList.swift in Sources */,
				53232B6B21A360D00089AA27 /* Event.swift in Sources */,
				53A9A24B21A780FC002095F3 /* SuggestionList.swift in Sources */,
				53E4B723219E589E009F5DB3 /* SearchViewController.swift in Sources */,
				53232B6D21A36F740089AA27 /* EventCell.swift in Sources */,
				53E4B721219E589E009F5DB3 /* AppDelegate.swift in Sources */,
				53E079F1219FD23D005A9B85 /* EventsTableViewController.swift in Sources */,
			);
			runOnlyForDeploymentPostprocessing = 0;
		};
		53E4B72D219E58A1009F5DB3 /* Sources */ = {
			isa = PBXSourcesBuildPhase;
			buildActionMask = 2147483647;
			files = (
				53E4B736219E58A1009F5DB3 /* EventTicketTests.swift in Sources */,
			);
			runOnlyForDeploymentPostprocessing = 0;
		};
		53E4B738219E58A1009F5DB3 /* Sources */ = {
			isa = PBXSourcesBuildPhase;
			buildActionMask = 2147483647;
			files = (
				53E4B741219E58A1009F5DB3 /* EventTicketUITests.swift in Sources */,
			);
			runOnlyForDeploymentPostprocessing = 0;
		};
/* End PBXSourcesBuildPhase section */

/* Begin PBXTargetDependency section */
		53E4B733219E58A1009F5DB3 /* PBXTargetDependency */ = {
			isa = PBXTargetDependency;
			target = 53E4B71C219E589E009F5DB3 /* EventTicket */;
			targetProxy = 53E4B732219E58A1009F5DB3 /* PBXContainerItemProxy */;
		};
		53E4B73E219E58A1009F5DB3 /* PBXTargetDependency */ = {
			isa = PBXTargetDependency;
			target = 53E4B71C219E589E009F5DB3 /* EventTicket */;
			targetProxy = 53E4B73D219E58A1009F5DB3 /* PBXContainerItemProxy */;
		};
/* End PBXTargetDependency section */

/* Begin PBXVariantGroup section */
		53E4B724219E589E009F5DB3 /* Main.storyboard */ = {
			isa = PBXVariantGroup;
			children = (
				53E4B725219E589E009F5DB3 /* Base */,
			);
			name = Main.storyboard;
			sourceTree = "<group>";
		};
		53E4B729219E58A1009F5DB3 /* LaunchScreen.storyboard */ = {
			isa = PBXVariantGroup;
			children = (
				53E4B72A219E58A1009F5DB3 /* Base */,
			);
			name = LaunchScreen.storyboard;
			sourceTree = "<group>";
		};
/* End PBXVariantGroup section */

/* Begin XCBuildConfiguration section */
		53E4B743219E58A1009F5DB3 /* Debug */ = {
			isa = XCBuildConfiguration;
			buildSettings = {
				ALWAYS_SEARCH_USER_PATHS = NO;
				CLANG_ANALYZER_NONNULL = YES;
				CLANG_ANALYZER_NUMBER_OBJECT_CONVERSION = YES_AGGRESSIVE;
				CLANG_CXX_LANGUAGE_STANDARD = "gnu++14";
				CLANG_CXX_LIBRARY = "libc++";
				CLANG_ENABLE_MODULES = YES;
				CLANG_ENABLE_OBJC_ARC = YES;
				CLANG_ENABLE_OBJC_WEAK = YES;
				CLANG_WARN_BLOCK_CAPTURE_AUTORELEASING = YES;
				CLANG_WARN_BOOL_CONVERSION = YES;
				CLANG_WARN_COMMA = YES;
				CLANG_WARN_CONSTANT_CONVERSION = YES;
				CLANG_WARN_DEPRECATED_OBJC_IMPLEMENTATIONS = YES;
				CLANG_WARN_DIRECT_OBJC_ISA_USAGE = YES_ERROR;
				CLANG_WARN_DOCUMENTATION_COMMENTS = YES;
				CLANG_WARN_EMPTY_BODY = YES;
				CLANG_WARN_ENUM_CONVERSION = YES;
				CLANG_WARN_INFINITE_RECURSION = YES;
				CLANG_WARN_INT_CONVERSION = YES;
				CLANG_WARN_NON_LITERAL_NULL_CONVERSION = YES;
				CLANG_WARN_OBJC_IMPLICIT_RETAIN_SELF = YES;
				CLANG_WARN_OBJC_LITERAL_CONVERSION = YES;
				CLANG_WARN_OBJC_ROOT_CLASS = YES_ERROR;
				CLANG_WARN_RANGE_LOOP_ANALYSIS = YES;
				CLANG_WARN_STRICT_PROTOTYPES = YES;
				CLANG_WARN_SUSPICIOUS_MOVE = YES;
				CLANG_WARN_UNGUARDED_AVAILABILITY = YES_AGGRESSIVE;
				CLANG_WARN_UNREACHABLE_CODE = YES;
				CLANG_WARN__DUPLICATE_METHOD_MATCH = YES;
				CODE_SIGN_IDENTITY = "iPhone Developer";
				COPY_PHASE_STRIP = NO;
				DEBUG_INFORMATION_FORMAT = dwarf;
				ENABLE_STRICT_OBJC_MSGSEND = YES;
				ENABLE_TESTABILITY = YES;
				GCC_C_LANGUAGE_STANDARD = gnu11;
				GCC_DYNAMIC_NO_PIC = NO;
				GCC_NO_COMMON_BLOCKS = YES;
				GCC_OPTIMIZATION_LEVEL = 0;
				GCC_PREPROCESSOR_DEFINITIONS = (
					"DEBUG=1",
					"$(inherited)",
				);
				GCC_WARN_64_TO_32_BIT_CONVERSION = YES;
				GCC_WARN_ABOUT_RETURN_TYPE = YES_ERROR;
				GCC_WARN_UNDECLARED_SELECTOR = YES;
				GCC_WARN_UNINITIALIZED_AUTOS = YES_AGGRESSIVE;
				GCC_WARN_UNUSED_FUNCTION = YES;
				GCC_WARN_UNUSED_VARIABLE = YES;
				IPHONEOS_DEPLOYMENT_TARGET = 12.1;
				MTL_ENABLE_DEBUG_INFO = INCLUDE_SOURCE;
				MTL_FAST_MATH = YES;
				ONLY_ACTIVE_ARCH = YES;
				SDKROOT = iphoneos;
				SWIFT_ACTIVE_COMPILATION_CONDITIONS = DEBUG;
				SWIFT_OPTIMIZATION_LEVEL = "-Onone";
			};
			name = Debug;
		};
		53E4B744219E58A1009F5DB3 /* Release */ = {
			isa = XCBuildConfiguration;
			buildSettings = {
				ALWAYS_SEARCH_USER_PATHS = NO;
				CLANG_ANALYZER_NONNULL = YES;
				CLANG_ANALYZER_NUMBER_OBJECT_CONVERSION = YES_AGGRESSIVE;
				CLANG_CXX_LANGUAGE_STANDARD = "gnu++14";
				CLANG_CXX_LIBRARY = "libc++";
				CLANG_ENABLE_MODULES = YES;
				CLANG_ENABLE_OBJC_ARC = YES;
				CLANG_ENABLE_OBJC_WEAK = YES;
				CLANG_WARN_BLOCK_CAPTURE_AUTORELEASING = YES;
				CLANG_WARN_BOOL_CONVERSION = YES;
				CLANG_WARN_COMMA = YES;
				CLANG_WARN_CONSTANT_CONVERSION = YES;
				CLANG_WARN_DEPRECATED_OBJC_IMPLEMENTATIONS = YES;
				CLANG_WARN_DIRECT_OBJC_ISA_USAGE = YES_ERROR;
				CLANG_WARN_DOCUMENTATION_COMMENTS = YES;
				CLANG_WARN_EMPTY_BODY = YES;
				CLANG_WARN_ENUM_CONVERSION = YES;
				CLANG_WARN_INFINITE_RECURSION = YES;
				CLANG_WARN_INT_CONVERSION = YES;
				CLANG_WARN_NON_LITERAL_NULL_CONVERSION = YES;
				CLANG_WARN_OBJC_IMPLICIT_RETAIN_SELF = YES;
				CLANG_WARN_OBJC_LITERAL_CONVERSION = YES;
				CLANG_WARN_OBJC_ROOT_CLASS = YES_ERROR;
				CLANG_WARN_RANGE_LOOP_ANALYSIS = YES;
				CLANG_WARN_STRICT_PROTOTYPES = YES;
				CLANG_WARN_SUSPICIOUS_MOVE = YES;
				CLANG_WARN_UNGUARDED_AVAILABILITY = YES_AGGRESSIVE;
				CLANG_WARN_UNREACHABLE_CODE = YES;
				CLANG_WARN__DUPLICATE_METHOD_MATCH = YES;
				CODE_SIGN_IDENTITY = "iPhone Developer";
				COPY_PHASE_STRIP = NO;
				DEBUG_INFORMATION_FORMAT = "dwarf-with-dsym";
				ENABLE_NS_ASSERTIONS = NO;
				ENABLE_STRICT_OBJC_MSGSEND = YES;
				GCC_C_LANGUAGE_STANDARD = gnu11;
				GCC_NO_COMMON_BLOCKS = YES;
				GCC_WARN_64_TO_32_BIT_CONVERSION = YES;
				GCC_WARN_ABOUT_RETURN_TYPE = YES_ERROR;
				GCC_WARN_UNDECLARED_SELECTOR = YES;
				GCC_WARN_UNINITIALIZED_AUTOS = YES_AGGRESSIVE;
				GCC_WARN_UNUSED_FUNCTION = YES;
				GCC_WARN_UNUSED_VARIABLE = YES;
				IPHONEOS_DEPLOYMENT_TARGET = 12.1;
				MTL_ENABLE_DEBUG_INFO = NO;
				MTL_FAST_MATH = YES;
				SDKROOT = iphoneos;
				SWIFT_COMPILATION_MODE = wholemodule;
				SWIFT_OPTIMIZATION_LEVEL = "-O";
				VALIDATE_PRODUCT = YES;
			};
			name = Release;
		};
		53E4B746219E58A1009F5DB3 /* Debug */ = {
			isa = XCBuildConfiguration;
			baseConfigurationReference = C9A970F28C7FA001A9ED966F /* Pods-EventTicket.debug.xcconfig */;
			buildSettings = {
				ASSETCATALOG_COMPILER_APPICON_NAME = AppIcon;
				CODE_SIGN_STYLE = Automatic;
				DEVELOPMENT_TEAM = MF3Q5NN553;
				INFOPLIST_FILE = EventTicket/Info.plist;
				LD_RUNPATH_SEARCH_PATHS = (
					"$(inherited)",
					"@executable_path/Frameworks",
				);
				PRODUCT_BUNDLE_IDENTIFIER = com.katryo.EventTicket;
				PRODUCT_NAME = "$(TARGET_NAME)";
				SWIFT_VERSION = 4.2;
				TARGETED_DEVICE_FAMILY = "1,2";
			};
			name = Debug;
		};
		53E4B747219E58A1009F5DB3 /* Release */ = {
			isa = XCBuildConfiguration;
			baseConfigurationReference = BB836EB174D4696DADB83679 /* Pods-EventTicket.release.xcconfig */;
			buildSettings = {
				ASSETCATALOG_COMPILER_APPICON_NAME = AppIcon;
				CODE_SIGN_STYLE = Automatic;
				DEVELOPMENT_TEAM = MF3Q5NN553;
				INFOPLIST_FILE = EventTicket/Info.plist;
				LD_RUNPATH_SEARCH_PATHS = (
					"$(inherited)",
					"@executable_path/Frameworks",
				);
				PRODUCT_BUNDLE_IDENTIFIER = com.katryo.EventTicket;
				PRODUCT_NAME = "$(TARGET_NAME)";
				SWIFT_VERSION = 4.2;
				TARGETED_DEVICE_FAMILY = "1,2";
			};
			name = Release;
		};
		53E4B749219E58A1009F5DB3 /* Debug */ = {
			isa = XCBuildConfiguration;
			baseConfigurationReference = 9206D3FC8205D373B8565D04 /* Pods-EventTicketTests.debug.xcconfig */;
			buildSettings = {
				ALWAYS_EMBED_SWIFT_STANDARD_LIBRARIES = YES;
				BUNDLE_LOADER = "$(TEST_HOST)";
				CODE_SIGN_STYLE = Automatic;
				DEVELOPMENT_TEAM = MF3Q5NN553;
				INFOPLIST_FILE = EventTicketTests/Info.plist;
				LD_RUNPATH_SEARCH_PATHS = (
					"$(inherited)",
					"@executable_path/Frameworks",
					"@loader_path/Frameworks",
				);
				PRODUCT_BUNDLE_IDENTIFIER = com.katryo.EventTicketTests;
				PRODUCT_NAME = "$(TARGET_NAME)";
				SWIFT_VERSION = 4.2;
				TARGETED_DEVICE_FAMILY = "1,2";
				TEST_HOST = "$(BUILT_PRODUCTS_DIR)/EventTicket.app/EventTicket";
			};
			name = Debug;
		};
		53E4B74A219E58A1009F5DB3 /* Release */ = {
			isa = XCBuildConfiguration;
			baseConfigurationReference = 04D2AF7F9F1ED999ABC4241B /* Pods-EventTicketTests.release.xcconfig */;
			buildSettings = {
				ALWAYS_EMBED_SWIFT_STANDARD_LIBRARIES = YES;
				BUNDLE_LOADER = "$(TEST_HOST)";
				CODE_SIGN_STYLE = Automatic;
				DEVELOPMENT_TEAM = MF3Q5NN553;
				INFOPLIST_FILE = EventTicketTests/Info.plist;
				LD_RUNPATH_SEARCH_PATHS = (
					"$(inherited)",
					"@executable_path/Frameworks",
					"@loader_path/Frameworks",
				);
				PRODUCT_BUNDLE_IDENTIFIER = com.katryo.EventTicketTests;
				PRODUCT_NAME = "$(TARGET_NAME)";
				SWIFT_VERSION = 4.2;
				TARGETED_DEVICE_FAMILY = "1,2";
				TEST_HOST = "$(BUILT_PRODUCTS_DIR)/EventTicket.app/EventTicket";
			};
			name = Release;
		};
		53E4B74C219E58A1009F5DB3 /* Debug */ = {
			isa = XCBuildConfiguration;
			baseConfigurationReference = 2250D311F29D64D3DF7CA7E0 /* Pods-EventTicketUITests.debug.xcconfig */;
			buildSettings = {
				ALWAYS_EMBED_SWIFT_STANDARD_LIBRARIES = YES;
				CODE_SIGN_STYLE = Automatic;
				DEVELOPMENT_TEAM = MF3Q5NN553;
				INFOPLIST_FILE = EventTicketUITests/Info.plist;
				LD_RUNPATH_SEARCH_PATHS = (
					"$(inherited)",
					"@executable_path/Frameworks",
					"@loader_path/Frameworks",
				);
				PRODUCT_BUNDLE_IDENTIFIER = com.katryo.EventTicketUITests;
				PRODUCT_NAME = "$(TARGET_NAME)";
				SWIFT_VERSION = 4.2;
				TARGETED_DEVICE_FAMILY = "1,2";
				TEST_TARGET_NAME = EventTicket;
			};
			name = Debug;
		};
		53E4B74D219E58A1009F5DB3 /* Release */ = {
			isa = XCBuildConfiguration;
			baseConfigurationReference = 42889DB7FD3975CF645A2FA3 /* Pods-EventTicketUITests.release.xcconfig */;
			buildSettings = {
				ALWAYS_EMBED_SWIFT_STANDARD_LIBRARIES = YES;
				CODE_SIGN_STYLE = Automatic;
				DEVELOPMENT_TEAM = MF3Q5NN553;
				INFOPLIST_FILE = EventTicketUITests/Info.plist;
				LD_RUNPATH_SEARCH_PATHS = (
					"$(inherited)",
					"@executable_path/Frameworks",
					"@loader_path/Frameworks",
				);
				PRODUCT_BUNDLE_IDENTIFIER = com.katryo.EventTicketUITests;
				PRODUCT_NAME = "$(TARGET_NAME)";
				SWIFT_VERSION = 4.2;
				TARGETED_DEVICE_FAMILY = "1,2";
				TEST_TARGET_NAME = EventTicket;
			};
			name = Release;
		};
/* End XCBuildConfiguration section */

/* Begin XCConfigurationList section */
		53E4B718219E589E009F5DB3 /* Build configuration list for PBXProject "EventTicket" */ = {
			isa = XCConfigurationList;
			buildConfigurations = (
				53E4B743219E58A1009F5DB3 /* Debug */,
				53E4B744219E58A1009F5DB3 /* Release */,
			);
			defaultConfigurationIsVisible = 0;
			defaultConfigurationName = Release;
		};
		53E4B745219E58A1009F5DB3 /* Build configuration list for PBXNativeTarget "EventTicket" */ = {
			isa = XCConfigurationList;
			buildConfigurations = (
				53E4B746219E58A1009F5DB3 /* Debug */,
				53E4B747219E58A1009F5DB3 /* Release */,
			);
			defaultConfigurationIsVisible = 0;
			defaultConfigurationName = Release;
		};
		53E4B748219E58A1009F5DB3 /* Build configuration list for PBXNativeTarget "EventTicketTests" */ = {
			isa = XCConfigurationList;
			buildConfigurations = (
				53E4B749219E58A1009F5DB3 /* Debug */,
				53E4B74A219E58A1009F5DB3 /* Release */,
			);
			defaultConfigurationIsVisible = 0;
			defaultConfigurationName = Release;
		};
		53E4B74B219E58A1009F5DB3 /* Build configuration list for PBXNativeTarget "EventTicketUITests" */ = {
			isa = XCConfigurationList;
			buildConfigurations = (
				53E4B74C219E58A1009F5DB3 /* Debug */,
				53E4B74D219E58A1009F5DB3 /* Release */,
			);
			defaultConfigurationIsVisible = 0;
			defaultConfigurationName = Release;
		};
/* End XCConfigurationList section */
	};
	rootObject = 53E4B715219E589E009F5DB3 /* Project object */;
}
